
Microsoft Visual Studio Solution File, Format Version 12.00
# Visual Studio 2012
Project("{F2A71F9B-5D33-465A-A702-920D77279786}") = "Auth", "Auth\Auth.fsproj", "{9D128B8A-2409-4C31-8CA5-159FCA30B55B}"
EndProject
Project("{F2A71F9B-5D33-465A-A702-920D77279786}") = "Account", "Account\Account.fsproj", "{7EE274B7-C8A3-4299-B766-E00862B8AD5E}"
EndProject
Project("{FAE04EC0-301F-11D3-BF4B-00C04F79EFBC}") = "Services", "Services\Services.csproj", "{E2862814-D70F-4670-9FD9-FB7644B6C12B}"
EndProject
Project("{F2A71F9B-5D33-465A-A702-920D77279786}") = "DB", "DB\Db.fsproj", "{5226B644-3DB6-43B1-BB57-959FE2B70E88}"
EndProject
Project("{F2A71F9B-5D33-465A-A702-920D77279786}") = "Persistence", "Persistence\Persistence.fsproj", "{A958B288-1D10-40BF-BD61-8DEC714BC639}"
EndProject
Project("{F2A71F9B-5D33-465A-A702-920D77279786}") = "Common", "Common\Common.fsproj", "{1A2EF8AB-E695-43CA-A3DB-E9C0D71EE5BE}"
EndProject
Project("{F2A71F9B-5D33-465A-A702-920D77279786}") = "PersistenceTester", "PersistenceTester\PersistenceTester.fsproj", "{5F36891E-C2ED-4759-AB5E-D4D1A65B5990}"
EndProject
Global
	GlobalSection(SolutionConfigurationPlatforms) = preSolution
		Debug|Any CPU = Debug|Any CPU
		Release|Any CPU = Release|Any CPU
	EndGlobalSection
	GlobalSection(ProjectConfigurationPlatforms) = postSolution
		{9D128B8A-2409-4C31-8CA5-159FCA30B55B}.Debug|Any CPU.ActiveCfg = Debug|Any CPU
		{9D128B8A-2409-4C31-8CA5-159FCA30B55B}.Debug|Any CPU.Build.0 = Debug|Any CPU
		{9D128B8A-2409-4C31-8CA5-159FCA30B55B}.Release|Any CPU.ActiveCfg = Release|Any CPU
		{9D128B8A-2409-4C31-8CA5-159FCA30B55B}.Release|Any CPU.Build.0 = Release|Any CPU
		{7EE274B7-C8A3-4299-B766-E00862B8AD5E}.Debug|Any CPU.ActiveCfg = Debug|Any CPU
		{7EE274B7-C8A3-4299-B766-E00862B8AD5E}.Debug|Any CPU.Build.0 = Debug|Any CPU
		{7EE274B7-C8A3-4299-B766-E00862B8AD5E}.Release|Any CPU.ActiveCfg = Release|Any CPU
		{7EE274B7-C8A3-4299-B766-E00862B8AD5E}.Release|Any CPU.Build.0 = Release|Any CPU
		{E2862814-D70F-4670-9FD9-FB7644B6C12B}.Debug|Any CPU.ActiveCfg = Debug|Any CPU
		{E2862814-D70F-4670-9FD9-FB7644B6C12B}.Debug|Any CPU.Build.0 = Debug|Any CPU
		{E2862814-D70F-4670-9FD9-FB7644B6C12B}.Release|Any CPU.ActiveCfg = Release|Any CPU
		{E2862814-D70F-4670-9FD9-FB7644B6C12B}.Release|Any CPU.Build.0 = Release|Any CPU
		{5226B644-3DB6-43B1-BB57-959FE2B70E88}.Debug|Any CPU.ActiveCfg = Debug|Any CPU
		{5226B644-3DB6-43B1-BB57-959FE2B70E88}.Debug|Any CPU.Build.0 = Debug|Any CPU
		{5226B644-3DB6-43B1-BB57-959FE2B70E88}.Release|Any CPU.ActiveCfg = Release|Any CPU
		{5226B644-3DB6-43B1-BB57-959FE2B70E88}.Release|Any CPU.Build.0 = Release|Any CPU
		{A958B288-1D10-40BF-BD61-8DEC714BC639}.Debug|Any CPU.ActiveCfg = Debug|Any CPU
		{A958B288-1D10-40BF-BD61-8DEC714BC639}.Debug|Any CPU.Build.0 = Debug|Any CPU
		{A958B288-1D10-40BF-BD61-8DEC714BC639}.Release|Any CPU.ActiveCfg = Release|Any CPU
		{A958B288-1D10-40BF-BD61-8DEC714BC639}.Release|Any CPU.Build.0 = Release|Any CPU
		{1A2EF8AB-E695-43CA-A3DB-E9C0D71EE5BE}.Debug|Any CPU.ActiveCfg = Debug|Any CPU
		{1A2EF8AB-E695-43CA-A3DB-E9C0D71EE5BE}.Debug|Any CPU.Build.0 = Debug|Any CPU
		{1A2EF8AB-E695-43CA-A3DB-E9C0D71EE5BE}.Release|Any CPU.ActiveCfg = Release|Any CPU
		{1A2EF8AB-E695-43CA-A3DB-E9C0D71EE5BE}.Release|Any CPU.Build.0 = Release|Any CPU
		{5F36891E-C2ED-4759-AB5E-D4D1A65B5990}.Debug|Any CPU.ActiveCfg = Debug|Any CPU
		{5F36891E-C2ED-4759-AB5E-D4D1A65B5990}.Debug|Any CPU.Build.0 = Debug|Any CPU
		{5F36891E-C2ED-4759-AB5E-D4D1A65B5990}.Release|Any CPU.ActiveCfg = Release|Any CPU
		{5F36891E-C2ED-4759-AB5E-D4D1A65B5990}.Release|Any CPU.Build.0 = Release|Any CPU
	EndGlobalSection
	GlobalSection(SolutionProperties) = preSolution
		HideSolutionNode = FALSE
	EndGlobalSection
EndGlobal
